
Microsoft Visual Studio Solution File, Format Version 12.00
# Visual Studio Version 17
VisualStudioVersion = 17.3.32819.101
MinimumVisualStudioVersion = 10.0.40219.1
Project("{9A19103F-16F7-4668-BE54-9A1E7A4F7556}") = "OptionsApi", "OptionsApi\OptionsApi.csproj", "{AA912C0B-2C09-43E7-800B-89D3E912541C}"
EndProject
Project("{9A19103F-16F7-4668-BE54-9A1E7A4F7556}") = "OptionsData", "OptionsData\OptionsData.csproj", "{A96E864E-599A-4717-8662-4579F1FD53BF}"
EndProject
Project("{FAE04EC0-301F-11D3-BF4B-00C04F79EFBC}") = "ParseHistoricOptions", "ParseHistoricOptions\ParseHistoricOptions.csproj", "{BEC9C1D7-D0FC-4D69-A7E1-D01B64873501}"
EndProject
Global
	GlobalSection(SolutionConfigurationPlatforms) = preSolution
		Debug|Any CPU = Debug|Any CPU
		Release|Any CPU = Release|Any CPU
	EndGlobalSection
	GlobalSection(ProjectConfigurationPlatforms) = postSolution
		{AA912C0B-2C09-43E7-800B-89D3E912541C}.Debug|Any CPU.ActiveCfg = Debug|Any CPU
		{AA912C0B-2C09-43E7-800B-89D3E912541C}.Debug|Any CPU.Build.0 = Debug|Any CPU
		{AA912C0B-2C09-43E7-800B-89D3E912541C}.Release|Any CPU.ActiveCfg = Release|Any CPU
		{AA912C0B-2C09-43E7-800B-89D3E912541C}.Release|Any CPU.Build.0 = Release|Any CPU
		{A96E864E-599A-4717-8662-4579F1FD53BF}.Debug|Any CPU.ActiveCfg = Debug|Any CPU
		{A96E864E-599A-4717-8662-4579F1FD53BF}.Debug|Any CPU.Build.0 = Debug|Any CPU
		{A96E864E-599A-4717-8662-4579F1FD53BF}.Release|Any CPU.ActiveCfg = Release|Any CPU
		{A96E864E-599A-4717-8662-4579F1FD53BF}.Release|Any CPU.Build.0 = Release|Any CPU
		{BEC9C1D7-D0FC-4D69-A7E1-D01B64873501}.Debug|Any CPU.ActiveCfg = Debug|Any CPU
		{BEC9C1D7-D0FC-4D69-A7E1-D01B64873501}.Debug|Any CPU.Build.0 = Debug|Any CPU
		{BEC9C1D7-D0FC-4D69-A7E1-D01B64873501}.Release|Any CPU.ActiveCfg = Release|Any CPU
		{BEC9C1D7-D0FC-4D69-A7E1-D01B64873501}.Release|Any CPU.Build.0 = Release|Any CPU
	EndGlobalSection
	GlobalSection(SolutionProperties) = preSolution
		HideSolutionNode = FALSE
	EndGlobalSection
	GlobalSection(ExtensibilityGlobals) = postSolution
		SolutionGuid = {8B942536-511E-4683-A4FB-3972DB34FD98}
	EndGlobalSection
EndGlobal
